
Microsoft Visual Studio Solution File, Format Version 12.00
# Visual Studio 2012
Project("{D954291E-2A0B-460D-934E-DC6B0785DB48}") = "Shared", "Shared\Shared.shproj", "{AEFFE31C-AB11-413B-B623-C439936ADB57}"
EndProject
Project("{FAE04EC0-301F-11D3-BF4B-00C04F79EFBC}") = "iOS", "iOS\iOS.csproj", "{7A7B9809-0096-4335-95CD-33809A289604}"
EndProject
Project("{FAE04EC0-301F-11D3-BF4B-00C04F79EFBC}") = "Droid", "Droid\Droid.csproj", "{E91DD25D-EE76-4F97-8689-DF007B20A6C7}"
EndProject
Project("{FAE04EC0-301F-11D3-BF4B-00C04F79EFBC}") = "macOS", "macOS\macOS.csproj", "{7F4FAECE-5E0E-488D-9F5B-3C85B34C9B69}"
EndProject
Project("{FAE04EC0-301F-11D3-BF4B-00C04F79EFBC}") = "Texts", "Texts\Texts.csproj", "{BD23F900-50B7-4714-98C1-D1A192C1E939}"
EndProject
Project("{FAE04EC0-301F-11D3-BF4B-00C04F79EFBC}") = "pbXNet.iOS", "..\pbX\pbXNet.iOS\pbXNet.iOS.csproj", "{885C3BD5-106C-47FA-83D1-B86217610C25}"
EndProject
Project("{FAE04EC0-301F-11D3-BF4B-00C04F79EFBC}") = "pbXNet.Droid", "..\pbX\pbXNet.Droid\pbXNet.Droid.csproj", "{09F056D8-6ECD-4398-B06C-AFE32E911B85}"
EndProject
Project("{FAE04EC0-301F-11D3-BF4B-00C04F79EFBC}") = "pbXNet.macOS", "..\pbX\pbXNet.macOS\pbXNet.macOS.csproj", "{038B20C3-4EDD-4619-B83A-EC3471335477}"
EndProject
Project("{2150E333-8FDC-42A3-9474-1A3956D46DE8}") = "pbX", "pbX", "{D27F01C4-BDC1-4792-9875-2794D463A0A1}"
EndProject
Project("{FAE04EC0-301F-11D3-BF4B-00C04F79EFBC}") = "pbXForms.iOS", "..\pbX\pbXForms.iOS\pbXForms.iOS.csproj", "{1E8F6F65-6007-4717-B210-C3554873F37A}"
EndProject
Project("{D954291E-2A0B-460D-934E-DC6B0785DB48}") = "pbXForms.Shared", "..\pbX\pbXForms\pbXForms.Shared.shproj", "{2EC89D71-92C3-4121-801C-2975C54C7135}"
EndProject
Project("{D954291E-2A0B-460D-934E-DC6B0785DB48}") = "pbXNet.Shared", "..\pbX\pbXNet\pbXNet.Shared.shproj", "{0F24CC4F-7A9B-4835-8F00-4DC291773539}"
EndProject
Project("{FAE04EC0-301F-11D3-BF4B-00C04F79EFBC}") = "pbXForms.macOS", "..\pbX\pbXForms.macOS\pbXForms.macOS.csproj", "{6FE2DB7D-4FB5-4A33-AC48-41C22DEA02A5}"
EndProject
Project("{FAE04EC0-301F-11D3-BF4B-00C04F79EFBC}") = "pbXForms.Droid", "..\pbX\pbXForms.Droid\pbXForms.Droid.csproj", "{D4DEE17B-27B9-4BF3-8868-76197F53EB6D}"
EndProject
Project("{2150E333-8FDC-42A3-9474-1A3956D46DE8}") = "Solution Items", "Solution Items", "{32D0ED62-3E8F-4449-8D53-FF37A0627120}"
	ProjectSection(SolutionItems) = preProject
		LICENSE = LICENSE
		License.md = License.md
		README.md = README.md
	EndProjectSection
EndProject
Global
	GlobalSection(SolutionConfigurationPlatforms) = preSolution
		Debug|iPhoneSimulator = Debug|iPhoneSimulator
		Release|iPhone = Release|iPhone
		Release|iPhoneSimulator = Release|iPhoneSimulator
		Debug|iPhone = Debug|iPhone
		Debug|Any CPU = Debug|Any CPU
		Release|Any CPU = Release|Any CPU
	EndGlobalSection
	GlobalSection(ProjectConfigurationPlatforms) = postSolution
		{7A7B9809-0096-4335-95CD-33809A289604}.Debug|iPhoneSimulator.ActiveCfg = Debug|iPhoneSimulator
		{7A7B9809-0096-4335-95CD-33809A289604}.Debug|iPhoneSimulator.Build.0 = Debug|iPhoneSimulator
		{7A7B9809-0096-4335-95CD-33809A289604}.Release|iPhone.ActiveCfg = Release|iPhone
		{7A7B9809-0096-4335-95CD-33809A289604}.Release|iPhone.Build.0 = Release|iPhone
		{7A7B9809-0096-4335-95CD-33809A289604}.Release|iPhoneSimulator.ActiveCfg = Release|iPhoneSimulator
		{7A7B9809-0096-4335-95CD-33809A289604}.Release|iPhoneSimulator.Build.0 = Release|iPhoneSimulator
		{7A7B9809-0096-4335-95CD-33809A289604}.Debug|iPhone.ActiveCfg = Debug|iPhone
		{7A7B9809-0096-4335-95CD-33809A289604}.Debug|iPhone.Build.0 = Debug|iPhone
		{7A7B9809-0096-4335-95CD-33809A289604}.Debug|Any CPU.ActiveCfg = Debug|iPhoneSimulator
		{7A7B9809-0096-4335-95CD-33809A289604}.Debug|Any CPU.Build.0 = Debug|iPhoneSimulator
		{7A7B9809-0096-4335-95CD-33809A289604}.Release|Any CPU.ActiveCfg = Release|iPhone
		{7A7B9809-0096-4335-95CD-33809A289604}.Release|Any CPU.Build.0 = Release|iPhone
		{E91DD25D-EE76-4F97-8689-DF007B20A6C7}.Debug|iPhoneSimulator.ActiveCfg = Debug|Any CPU
		{E91DD25D-EE76-4F97-8689-DF007B20A6C7}.Debug|iPhoneSimulator.Build.0 = Debug|Any CPU
		{E91DD25D-EE76-4F97-8689-DF007B20A6C7}.Release|iPhone.ActiveCfg = Release|Any CPU
		{E91DD25D-EE76-4F97-8689-DF007B20A6C7}.Release|iPhone.Build.0 = Release|Any CPU
		{E91DD25D-EE76-4F97-8689-DF007B20A6C7}.Release|iPhoneSimulator.ActiveCfg = Release|Any CPU
		{E91DD25D-EE76-4F97-8689-DF007B20A6C7}.Release|iPhoneSimulator.Build.0 = Release|Any CPU
		{E91DD25D-EE76-4F97-8689-DF007B20A6C7}.Debug|iPhone.ActiveCfg = Debug|Any CPU
		{E91DD25D-EE76-4F97-8689-DF007B20A6C7}.Debug|iPhone.Build.0 = Debug|Any CPU
		{E91DD25D-EE76-4F97-8689-DF007B20A6C7}.Debug|Any CPU.ActiveCfg = Debug|Any CPU
		{E91DD25D-EE76-4F97-8689-DF007B20A6C7}.Debug|Any CPU.Build.0 = Debug|Any CPU
		{E91DD25D-EE76-4F97-8689-DF007B20A6C7}.Release|Any CPU.ActiveCfg = Release|Any CPU
		{E91DD25D-EE76-4F97-8689-DF007B20A6C7}.Release|Any CPU.Build.0 = Release|Any CPU
		{7F4FAECE-5E0E-488D-9F5B-3C85B34C9B69}.Debug|iPhoneSimulator.ActiveCfg = Debug|iPhoneSimulator
		{7F4FAECE-5E0E-488D-9F5B-3C85B34C9B69}.Debug|iPhoneSimulator.Build.0 = Debug|iPhoneSimulator
		{7F4FAECE-5E0E-488D-9F5B-3C85B34C9B69}.Release|iPhone.ActiveCfg = Release|iPhoneSimulator
		{7F4FAECE-5E0E-488D-9F5B-3C85B34C9B69}.Release|iPhone.Build.0 = Release|iPhoneSimulator
		{7F4FAECE-5E0E-488D-9F5B-3C85B34C9B69}.Release|iPhoneSimulator.ActiveCfg = Release|iPhoneSimulator
		{7F4FAECE-5E0E-488D-9F5B-3C85B34C9B69}.Release|iPhoneSimulator.Build.0 = Release|iPhoneSimulator
		{7F4FAECE-5E0E-488D-9F5B-3C85B34C9B69}.Debug|iPhone.ActiveCfg = Debug|iPhoneSimulator
		{7F4FAECE-5E0E-488D-9F5B-3C85B34C9B69}.Debug|iPhone.Build.0 = Debug|iPhoneSimulator
		{7F4FAECE-5E0E-488D-9F5B-3C85B34C9B69}.Debug|Any CPU.ActiveCfg = Debug|iPhoneSimulator
		{7F4FAECE-5E0E-488D-9F5B-3C85B34C9B69}.Debug|Any CPU.Build.0 = Debug|iPhoneSimulator
		{7F4FAECE-5E0E-488D-9F5B-3C85B34C9B69}.Release|Any CPU.ActiveCfg = Release|iPhoneSimulator
		{7F4FAECE-5E0E-488D-9F5B-3C85B34C9B69}.Release|Any CPU.Build.0 = Release|iPhoneSimulator
		{BD23F900-50B7-4714-98C1-D1A192C1E939}.Debug|iPhoneSimulator.ActiveCfg = Debug|Any CPU
		{BD23F900-50B7-4714-98C1-D1A192C1E939}.Debug|iPhoneSimulator.Build.0 = Debug|Any CPU
		{BD23F900-50B7-4714-98C1-D1A192C1E939}.Release|iPhone.ActiveCfg = Release|Any CPU
		{BD23F900-50B7-4714-98C1-D1A192C1E939}.Release|iPhone.Build.0 = Release|Any CPU
		{BD23F900-50B7-4714-98C1-D1A192C1E939}.Release|iPhoneSimulator.ActiveCfg = Release|Any CPU
		{BD23F900-50B7-4714-98C1-D1A192C1E939}.Release|iPhoneSimulator.Build.0 = Release|Any CPU
		{BD23F900-50B7-4714-98C1-D1A192C1E939}.Debug|iPhone.ActiveCfg = Debug|Any CPU
		{BD23F900-50B7-4714-98C1-D1A192C1E939}.Debug|iPhone.Build.0 = Debug|Any CPU
		{BD23F900-50B7-4714-98C1-D1A192C1E939}.Debug|Any CPU.ActiveCfg = Debug|Any CPU
		{BD23F900-50B7-4714-98C1-D1A192C1E939}.Debug|Any CPU.Build.0 = Debug|Any CPU
		{BD23F900-50B7-4714-98C1-D1A192C1E939}.Release|Any CPU.ActiveCfg = Release|Any CPU
		{BD23F900-50B7-4714-98C1-D1A192C1E939}.Release|Any CPU.Build.0 = Release|Any CPU
		{885C3BD5-106C-47FA-83D1-B86217610C25}.Debug|iPhoneSimulator.ActiveCfg = Debug|Any CPU
		{885C3BD5-106C-47FA-83D1-B86217610C25}.Debug|iPhoneSimulator.Build.0 = Debug|Any CPU
		{885C3BD5-106C-47FA-83D1-B86217610C25}.Release|iPhone.ActiveCfg = Release|Any CPU
		{885C3BD5-106C-47FA-83D1-B86217610C25}.Release|iPhone.Build.0 = Release|Any CPU
		{885C3BD5-106C-47FA-83D1-B86217610C25}.Release|iPhoneSimulator.ActiveCfg = Release|Any CPU
		{885C3BD5-106C-47FA-83D1-B86217610C25}.Release|iPhoneSimulator.Build.0 = Release|Any CPU
		{885C3BD5-106C-47FA-83D1-B86217610C25}.Debug|iPhone.ActiveCfg = Debug|Any CPU
		{885C3BD5-106C-47FA-83D1-B86217610C25}.Debug|iPhone.Build.0 = Debug|Any CPU
		{885C3BD5-106C-47FA-83D1-B86217610C25}.Debug|Any CPU.ActiveCfg = Debug|Any CPU
		{885C3BD5-106C-47FA-83D1-B86217610C25}.Debug|Any CPU.Build.0 = Debug|Any CPU
		{885C3BD5-106C-47FA-83D1-B86217610C25}.Release|Any CPU.ActiveCfg = Release|Any CPU
		{885C3BD5-106C-47FA-83D1-B86217610C25}.Release|Any CPU.Build.0 = Release|Any CPU
		{09F056D8-6ECD-4398-B06C-AFE32E911B85}.Debug|iPhoneSimulator.ActiveCfg = Debug|Any CPU
		{09F056D8-6ECD-4398-B06C-AFE32E911B85}.Debug|iPhoneSimulator.Build.0 = Debug|Any CPU
		{09F056D8-6ECD-4398-B06C-AFE32E911B85}.Release|iPhone.ActiveCfg = Release|Any CPU
		{09F056D8-6ECD-4398-B06C-AFE32E911B85}.Release|iPhone.Build.0 = Release|Any CPU
		{09F056D8-6ECD-4398-B06C-AFE32E911B85}.Release|iPhoneSimulator.ActiveCfg = Release|Any CPU
		{09F056D8-6ECD-4398-B06C-AFE32E911B85}.Release|iPhoneSimulator.Build.0 = Release|Any CPU
		{09F056D8-6ECD-4398-B06C-AFE32E911B85}.Debug|iPhone.ActiveCfg = Debug|Any CPU
		{09F056D8-6ECD-4398-B06C-AFE32E911B85}.Debug|iPhone.Build.0 = Debug|Any CPU
		{09F056D8-6ECD-4398-B06C-AFE32E911B85}.Debug|Any CPU.ActiveCfg = Debug|Any CPU
		{09F056D8-6ECD-4398-B06C-AFE32E911B85}.Debug|Any CPU.Build.0 = Debug|Any CPU
		{09F056D8-6ECD-4398-B06C-AFE32E911B85}.Release|Any CPU.ActiveCfg = Release|Any CPU
		{09F056D8-6ECD-4398-B06C-AFE32E911B85}.Release|Any CPU.Build.0 = Release|Any CPU
		{038B20C3-4EDD-4619-B83A-EC3471335477}.Debug|iPhoneSimulator.ActiveCfg = Debug|Any CPU
		{038B20C3-4EDD-4619-B83A-EC3471335477}.Debug|iPhoneSimulator.Build.0 = Debug|Any CPU
		{038B20C3-4EDD-4619-B83A-EC3471335477}.Release|iPhone.ActiveCfg = Release|Any CPU
		{038B20C3-4EDD-4619-B83A-EC3471335477}.Release|iPhone.Build.0 = Release|Any CPU
		{038B20C3-4EDD-4619-B83A-EC3471335477}.Release|iPhoneSimulator.ActiveCfg = Release|Any CPU
		{038B20C3-4EDD-4619-B83A-EC3471335477}.Release|iPhoneSimulator.Build.0 = Release|Any CPU
		{038B20C3-4EDD-4619-B83A-EC3471335477}.Debug|iPhone.ActiveCfg = Debug|Any CPU
		{038B20C3-4EDD-4619-B83A-EC3471335477}.Debug|iPhone.Build.0 = Debug|Any CPU
		{038B20C3-4EDD-4619-B83A-EC3471335477}.Debug|Any CPU.ActiveCfg = Debug|Any CPU
		{038B20C3-4EDD-4619-B83A-EC3471335477}.Debug|Any CPU.Build.0 = Debug|Any CPU
		{038B20C3-4EDD-4619-B83A-EC3471335477}.Release|Any CPU.ActiveCfg = Release|Any CPU
		{038B20C3-4EDD-4619-B83A-EC3471335477}.Release|Any CPU.Build.0 = Release|Any CPU
		{1E8F6F65-6007-4717-B210-C3554873F37A}.Debug|iPhoneSimulator.ActiveCfg = Debug|Any CPU
		{1E8F6F65-6007-4717-B210-C3554873F37A}.Debug|iPhoneSimulator.Build.0 = Debug|Any CPU
		{1E8F6F65-6007-4717-B210-C3554873F37A}.Release|iPhone.ActiveCfg = Release|Any CPU
		{1E8F6F65-6007-4717-B210-C3554873F37A}.Release|iPhone.Build.0 = Release|Any CPU
		{1E8F6F65-6007-4717-B210-C3554873F37A}.Release|iPhoneSimulator.ActiveCfg = Release|Any CPU
		{1E8F6F65-6007-4717-B210-C3554873F37A}.Release|iPhoneSimulator.Build.0 = Release|Any CPU
		{1E8F6F65-6007-4717-B210-C3554873F37A}.Debug|iPhone.ActiveCfg = Debug|Any CPU
		{1E8F6F65-6007-4717-B210-C3554873F37A}.Debug|iPhone.Build.0 = Debug|Any CPU
		{1E8F6F65-6007-4717-B210-C3554873F37A}.Debug|Any CPU.ActiveCfg = Debug|Any CPU
		{1E8F6F65-6007-4717-B210-C3554873F37A}.Debug|Any CPU.Build.0 = Debug|Any CPU
		{1E8F6F65-6007-4717-B210-C3554873F37A}.Release|Any CPU.ActiveCfg = Release|Any CPU
		{1E8F6F65-6007-4717-B210-C3554873F37A}.Release|Any CPU.Build.0 = Release|Any CPU
		{6FE2DB7D-4FB5-4A33-AC48-41C22DEA02A5}.Debug|iPhoneSimulator.ActiveCfg = Debug|Any CPU
		{6FE2DB7D-4FB5-4A33-AC48-41C22DEA02A5}.Debug|iPhoneSimulator.Build.0 = Debug|Any CPU
		{6FE2DB7D-4FB5-4A33-AC48-41C22DEA02A5}.Release|iPhone.ActiveCfg = Release|Any CPU
		{6FE2DB7D-4FB5-4A33-AC48-41C22DEA02A5}.Release|iPhone.Build.0 = Release|Any CPU
		{6FE2DB7D-4FB5-4A33-AC48-41C22DEA02A5}.Release|iPhoneSimulator.ActiveCfg = Release|Any CPU
		{6FE2DB7D-4FB5-4A33-AC48-41C22DEA02A5}.Release|iPhoneSimulator.Build.0 = Release|Any CPU
		{6FE2DB7D-4FB5-4A33-AC48-41C22DEA02A5}.Debug|iPhone.ActiveCfg = Debug|Any CPU
		{6FE2DB7D-4FB5-4A33-AC48-41C22DEA02A5}.Debug|iPhone.Build.0 = Debug|Any CPU
		{6FE2DB7D-4FB5-4A33-AC48-41C22DEA02A5}.Debug|Any CPU.ActiveCfg = Debug|Any CPU
		{6FE2DB7D-4FB5-4A33-AC48-41C22DEA02A5}.Debug|Any CPU.Build.0 = Debug|Any CPU
		{6FE2DB7D-4FB5-4A33-AC48-41C22DEA02A5}.Release|Any CPU.ActiveCfg = Release|Any CPU
		{6FE2DB7D-4FB5-4A33-AC48-41C22DEA02A5}.Release|Any CPU.Build.0 = Release|Any CPU
		{D4DEE17B-27B9-4BF3-8868-76197F53EB6D}.Debug|iPhoneSimulator.ActiveCfg = Debug|Any CPU
		{D4DEE17B-27B9-4BF3-8868-76197F53EB6D}.Debug|iPhoneSimulator.Build.0 = Debug|Any CPU
		{D4DEE17B-27B9-4BF3-8868-76197F53EB6D}.Release|iPhone.ActiveCfg = Release|Any CPU
		{D4DEE17B-27B9-4BF3-8868-76197F53EB6D}.Release|iPhone.Build.0 = Release|Any CPU
		{D4DEE17B-27B9-4BF3-8868-76197F53EB6D}.Release|iPhoneSimulator.ActiveCfg = Release|Any CPU
		{D4DEE17B-27B9-4BF3-8868-76197F53EB6D}.Release|iPhoneSimulator.Build.0 = Release|Any CPU
		{D4DEE17B-27B9-4BF3-8868-76197F53EB6D}.Debug|iPhone.ActiveCfg = Debug|Any CPU
		{D4DEE17B-27B9-4BF3-8868-76197F53EB6D}.Debug|iPhone.Build.0 = Debug|Any CPU
		{D4DEE17B-27B9-4BF3-8868-76197F53EB6D}.Debug|Any CPU.ActiveCfg = Debug|Any CPU
		{D4DEE17B-27B9-4BF3-8868-76197F53EB6D}.Debug|Any CPU.Build.0 = Debug|Any CPU
		{D4DEE17B-27B9-4BF3-8868-76197F53EB6D}.Release|Any CPU.ActiveCfg = Release|Any CPU
		{D4DEE17B-27B9-4BF3-8868-76197F53EB6D}.Release|Any CPU.Build.0 = Release|Any CPU
	EndGlobalSection
	GlobalSection(NestedProjects) = preSolution
		{09F056D8-6ECD-4398-B06C-AFE32E911B85} = {D27F01C4-BDC1-4792-9875-2794D463A0A1}
		{885C3BD5-106C-47FA-83D1-B86217610C25} = {D27F01C4-BDC1-4792-9875-2794D463A0A1}
		{038B20C3-4EDD-4619-B83A-EC3471335477} = {D27F01C4-BDC1-4792-9875-2794D463A0A1}
		{1E8F6F65-6007-4717-B210-C3554873F37A} = {D27F01C4-BDC1-4792-9875-2794D463A0A1}
		{2EC89D71-92C3-4121-801C-2975C54C7135} = {D27F01C4-BDC1-4792-9875-2794D463A0A1}
		{0F24CC4F-7A9B-4835-8F00-4DC291773539} = {D27F01C4-BDC1-4792-9875-2794D463A0A1}
		{6FE2DB7D-4FB5-4A33-AC48-41C22DEA02A5} = {D27F01C4-BDC1-4792-9875-2794D463A0A1}
		{D4DEE17B-27B9-4BF3-8868-76197F53EB6D} = {D27F01C4-BDC1-4792-9875-2794D463A0A1}
	EndGlobalSection
EndGlobal
